
Microsoft Visual Studio Solution File, Format Version 12.00
# Visual Studio 15
VisualStudioVersion = 15.0.28307.102
MinimumVisualStudioVersion = 10.0.40219.1
Project("{FAE04EC0-301F-11D3-BF4B-00C04F79EFBC}") = "InstallRevitAPI", "InstallRevitAPI\InstallRevitAPI.csproj", "{803A2CA9-5501-49D6-9CF9-556862B19003}"
EndProject
Global
	GlobalSection(SolutionConfigurationPlatforms) = preSolution
		Debug|Any CPU = Debug|Any CPU
		Release|Any CPU = Release|Any CPU
	EndGlobalSection
	GlobalSection(ProjectConfigurationPlatforms) = postSolution
		{803A2CA9-5501-49D6-9CF9-556862B19003}.Debug|Any CPU.ActiveCfg = Debug|Any CPU
		{803A2CA9-5501-49D6-9CF9-556862B19003}.Debug|Any CPU.Build.0 = Debug|Any CPU
		{803A2CA9-5501-49D6-9CF9-556862B19003}.Release|Any CPU.ActiveCfg = Release|Any CPU
		{803A2CA9-5501-49D6-9CF9-556862B19003}.Release|Any CPU.Build.0 = Release|Any CPU
	EndGlobalSection
	GlobalSection(SolutionProperties) = preSolution
		HideSolutionNode = FALSE
	EndGlobalSection
	GlobalSection(ExtensibilityGlobals) = postSolution
		SolutionGuid = {9CED6E52-224A-4E4A-941D-BC8D1FF07D9C}
	EndGlobalSection
EndGlobal
