
Microsoft Visual Studio Solution File, Format Version 12.00
# Visual Studio 15
VisualStudioVersion = 15.0.27703.2026
MinimumVisualStudioVersion = 10.0.40219.1
Project("{FAE04EC0-301F-11D3-BF4B-00C04F79EFBC}") = "RevitHelloWorld", "RevitHelloWorld\RevitHelloWorld.csproj", "{8DC6F0FF-137A-4B8F-8280-C2A426246BED}"
EndProject
Global
	GlobalSection(SolutionConfigurationPlatforms) = preSolution
		Debug|Any CPU = Debug|Any CPU
		Release|Any CPU = Release|Any CPU
	EndGlobalSection
	GlobalSection(ProjectConfigurationPlatforms) = postSolution
		{8DC6F0FF-137A-4B8F-8280-C2A426246BED}.Debug|Any CPU.ActiveCfg = Debug|Any CPU
		{8DC6F0FF-137A-4B8F-8280-C2A426246BED}.Debug|Any CPU.Build.0 = Debug|Any CPU
		{8DC6F0FF-137A-4B8F-8280-C2A426246BED}.Release|Any CPU.ActiveCfg = Release|Any CPU
		{8DC6F0FF-137A-4B8F-8280-C2A426246BED}.Release|Any CPU.Build.0 = Release|Any CPU
	EndGlobalSection
	GlobalSection(SolutionProperties) = preSolution
		HideSolutionNode = FALSE
	EndGlobalSection
	GlobalSection(ExtensibilityGlobals) = postSolution
		SolutionGuid = {4A93E88D-B7FA-475A-9326-9A840D5D607C}
	EndGlobalSection
EndGlobal
