
Microsoft Visual Studio Solution File, Format Version 12.00
# Visual Studio 15
VisualStudioVersion = 15.0.27703.2026
MinimumVisualStudioVersion = 10.0.40219.1
Project("{FAE04EC0-301F-11D3-BF4B-00C04F79EFBC}") = "_1_FilterIndicatedElementType", "_1_FilterIndicatedElementType\_1_FilterIndicatedElementType.csproj", "{68D61464-7736-4E04-B201-6FC65322AB01}"
EndProject
Global
	GlobalSection(SolutionConfigurationPlatforms) = preSolution
		Debug|Any CPU = Debug|Any CPU
		Release|Any CPU = Release|Any CPU
	EndGlobalSection
	GlobalSection(ProjectConfigurationPlatforms) = postSolution
		{68D61464-7736-4E04-B201-6FC65322AB01}.Debug|Any CPU.ActiveCfg = Debug|Any CPU
		{68D61464-7736-4E04-B201-6FC65322AB01}.Debug|Any CPU.Build.0 = Debug|Any CPU
		{68D61464-7736-4E04-B201-6FC65322AB01}.Release|Any CPU.ActiveCfg = Release|Any CPU
		{68D61464-7736-4E04-B201-6FC65322AB01}.Release|Any CPU.Build.0 = Release|Any CPU
	EndGlobalSection
	GlobalSection(SolutionProperties) = preSolution
		HideSolutionNode = FALSE
	EndGlobalSection
	GlobalSection(ExtensibilityGlobals) = postSolution
		SolutionGuid = {2035DC80-D2FB-41EC-8DA0-A089144D9684}
	EndGlobalSection
EndGlobal
